
Microsoft Visual Studio Solution File, Format Version 12.00
Project("{2150E333-8FDC-42A3-9474-1A3956D46DE8}") = "Api", "Api", "{2CAE41FA-C3F1-4FD2-AA02-EF1D6B90EEE2}"
EndProject
Project("{2150E333-8FDC-42A3-9474-1A3956D46DE8}") = "Core", "Core", "{86CEC14C-DB60-4A20-9D39-F3BCD68EC095}"
EndProject
Project("{2150E333-8FDC-42A3-9474-1A3956D46DE8}") = "Infrastructure", "Infrastructure", "{61D4F286-31B3-4692-9D3F-E883FD093B06}"
EndProject
Project("{FAE04EC0-301F-11D3-BF4B-00C04F79EFBC}") = "EventosApp.Domain", "EventosApp.Domain\EventosApp.Domain.csproj", "{7C73ECD9-12B2-42AF-A863-BA8A158F8DD2}"
EndProject
Project("{FAE04EC0-301F-11D3-BF4B-00C04F79EFBC}") = "EventosApp.Application", "EventosApp.Application\EventosApp.Application.csproj", "{25C8FFD8-3885-4F37-A5FE-01E062E2EE9A}"
EndProject
Project("{FAE04EC0-301F-11D3-BF4B-00C04F79EFBC}") = "EventosApp.Infrastructure", "EventosApp.Infrastructure\EventosApp.Infrastructure.csproj", "{F4FE5F8A-3701-42C7-B25C-4F577135E12E}"
EndProject
Project("{FAE04EC0-301F-11D3-BF4B-00C04F79EFBC}") = "EventosApp.Api", "EventosApp.Api\EventosApp.Api.csproj", "{3FA99197-A8E7-45B3-8514-30971CA31C88}"
EndProject
Global
	GlobalSection(SolutionConfigurationPlatforms) = preSolution
		Debug|Any CPU = Debug|Any CPU
		Release|Any CPU = Release|Any CPU
	EndGlobalSection
	GlobalSection(ProjectConfigurationPlatforms) = postSolution
		{7C73ECD9-12B2-42AF-A863-BA8A158F8DD2}.Debug|Any CPU.ActiveCfg = Debug|Any CPU
		{7C73ECD9-12B2-42AF-A863-BA8A158F8DD2}.Debug|Any CPU.Build.0 = Debug|Any CPU
		{7C73ECD9-12B2-42AF-A863-BA8A158F8DD2}.Release|Any CPU.ActiveCfg = Release|Any CPU
		{7C73ECD9-12B2-42AF-A863-BA8A158F8DD2}.Release|Any CPU.Build.0 = Release|Any CPU
		{25C8FFD8-3885-4F37-A5FE-01E062E2EE9A}.Debug|Any CPU.ActiveCfg = Debug|Any CPU
		{25C8FFD8-3885-4F37-A5FE-01E062E2EE9A}.Debug|Any CPU.Build.0 = Debug|Any CPU
		{25C8FFD8-3885-4F37-A5FE-01E062E2EE9A}.Release|Any CPU.ActiveCfg = Release|Any CPU
		{25C8FFD8-3885-4F37-A5FE-01E062E2EE9A}.Release|Any CPU.Build.0 = Release|Any CPU
		{F4FE5F8A-3701-42C7-B25C-4F577135E12E}.Debug|Any CPU.ActiveCfg = Debug|Any CPU
		{F4FE5F8A-3701-42C7-B25C-4F577135E12E}.Debug|Any CPU.Build.0 = Debug|Any CPU
		{F4FE5F8A-3701-42C7-B25C-4F577135E12E}.Release|Any CPU.ActiveCfg = Release|Any CPU
		{F4FE5F8A-3701-42C7-B25C-4F577135E12E}.Release|Any CPU.Build.0 = Release|Any CPU
		{3FA99197-A8E7-45B3-8514-30971CA31C88}.Debug|Any CPU.ActiveCfg = Debug|Any CPU
		{3FA99197-A8E7-45B3-8514-30971CA31C88}.Debug|Any CPU.Build.0 = Debug|Any CPU
		{3FA99197-A8E7-45B3-8514-30971CA31C88}.Release|Any CPU.ActiveCfg = Release|Any CPU
		{3FA99197-A8E7-45B3-8514-30971CA31C88}.Release|Any CPU.Build.0 = Release|Any CPU
	EndGlobalSection
	GlobalSection(NestedProjects) = preSolution
		{7C73ECD9-12B2-42AF-A863-BA8A158F8DD2} = {86CEC14C-DB60-4A20-9D39-F3BCD68EC095}
		{25C8FFD8-3885-4F37-A5FE-01E062E2EE9A} = {86CEC14C-DB60-4A20-9D39-F3BCD68EC095}
		{F4FE5F8A-3701-42C7-B25C-4F577135E12E} = {61D4F286-31B3-4692-9D3F-E883FD093B06}
		{3FA99197-A8E7-45B3-8514-30971CA31C88} = {2CAE41FA-C3F1-4FD2-AA02-EF1D6B90EEE2}
	EndGlobalSection
EndGlobal
